{
  "name": "classname",
  "lockfileVersion": 3,
  "requires": true,
  "packages": {
    "": {
      "dependencies": {
        "f-hash": "^1.0.0"
      }
    },
    "node_modules/f-hash": {
      "version": "1.0.0",
      "resolved": "https://registry.npmjs.org/f-hash/-/f-hash-1.0.0.tgz",
      "integrity": "sha512-Y8I7L62kKmiTav2kjmwN28XxEmNgEifHDoTKwiqERjhYSVzMcRUz0Jny3xMA7fVHU7qAQ/DQY2V7o4pOsyG7lw=="
    }
  }
}
